// !$*UTF8*$!
{
	archiveVersion = 1;
	classes = {
	};
	objectVersion = 56;
	objects = {

/* Begin PBXBuildFile section */
		1D17BC0929DDD7CA0040A7C1 /* AppDelegate.m in Sources */ = {isa = PBXBuildFile; fileRef = 1D17BC0829DDD7CA0040A7C1 /* AppDelegate.m */; };
		1D17BC0C29DDD7CA0040A7C1 /* SceneDelegate.m in Sources */ = {isa = PBXBuildFile; fileRef = 1D17BC0B29DDD7CA0040A7C1 /* SceneDelegate.m */; };
		1D17BC0F29DDD7CA0040A7C1 /* ViewController.m in Sources */ = {isa = PBXBuildFile; fileRef = 1D17BC0E29DDD7CA0040A7C1 /* ViewController.m */; };
		1D17BC1229DDD7CA0040A7C1 /* Main.storyboard in Resources */ = {isa = PBXBuildFile; fileRef = 1D17BC1029DDD7CA0040A7C1 /* Main.storyboard */; };
		1D17BC1529DDD7CA0040A7C1 /* old_ios_test.xcdatamodeld in Sources */ = {isa = PBXBuildFile; fileRef = 1D17BC1329DDD7CA0040A7C1 /* old_ios_test.xcdatamodeld */; };
		1D17BC1729DDD7CB0040A7C1 /* Assets.xcassets in Resources */ = {isa = PBXBuildFile; fileRef = 1D17BC1629DDD7CB0040A7C1 /* Assets.xcassets */; };
		1D17BC1A29DDD7CB0040A7C1 /* LaunchScreen.storyboard in Resources */ = {isa = PBXBuildFile; fileRef = 1D17BC1829DDD7CB0040A7C1 /* LaunchScreen.storyboard */; };
		1D17BC1D29DDD7CB0040A7C1 /* main.m in Sources */ = {isa = PBXBuildFile; fileRef = 1D17BC1C29DDD7CB0040A7C1 /* main.m */; };
		1D17BC2729DDD7CB0040A7C1 /* old_ios_testTests.m in Sources */ = {isa = PBXBuildFile; fileRef = 1D17BC2629DDD7CB0040A7C1 /* old_ios_testTests.m */; };
		1D17BC3129DDD7CB0040A7C1 /* old_ios_testUITests.m in Sources */ = {isa = PBXBuildFile; fileRef = 1D17BC3029DDD7CB0040A7C1 /* old_ios_testUITests.m */; };
		1D17BC3329DDD7CB0040A7C1 /* old_ios_testUITestsLaunchTests.m in Sources */ = {isa = PBXBuildFile; fileRef = 1D17BC3229DDD7CB0040A7C1 /* old_ios_testUITestsLaunchTests.m */; };
/* End PBXBuildFile section */

/* Begin PBXContainerItemProxy section */
		1D17BC2329DDD7CB0040A7C1 /* PBXContainerItemProxy */ = {
			isa = PBXContainerItemProxy;
			containerPortal = 1D17BBFC29DDD7CA0040A7C1 /* Project object */;
			proxyType = 1;
			remoteGlobalIDString = 1D17BC0329DDD7CA0040A7C1;
			remoteInfo = "old-ios-test";
		};
		1D17BC2D29DDD7CB0040A7C1 /* PBXContainerItemProxy */ = {
			isa = PBXContainerItemProxy;
			containerPortal = 1D17BBFC29DDD7CA0040A7C1 /* Project object */;
			proxyType = 1;
			remoteGlobalIDString = 1D17BC0329DDD7CA0040A7C1;
			remoteInfo = "old-ios-test";
		};
/* End PBXContainerItemProxy section */

/* Begin PBXFileReference section */
		1D17BC0429DDD7CA0040A7C1 /* old-ios-test.app */ = {isa = PBXFileReference; explicitFileType = wrapper.application; includeInIndex = 0; path = "old-ios-test.app"; sourceTree = BUILT_PRODUCTS_DIR; };
		1D17BC0729DDD7CA0040A7C1 /* AppDelegate.h */ = {isa = PBXFileReference; lastKnownFileType = sourcecode.c.h; path = AppDelegate.h; sourceTree = "<group>"; };
		1D17BC0829DDD7CA0040A7C1 /* AppDelegate.m */ = {isa = PBXFileReference; lastKnownFileType = sourcecode.c.objc; path = AppDelegate.m; sourceTree = "<group>"; };
		1D17BC0A29DDD7CA0040A7C1 /* SceneDelegate.h */ = {isa = PBXFileReference; lastKnownFileType = sourcecode.c.h; path = SceneDelegate.h; sourceTree = "<group>"; };
		1D17BC0B29DDD7CA0040A7C1 /* SceneDelegate.m */ = {isa = PBXFileReference; lastKnownFileType = sourcecode.c.objc; path = SceneDelegate.m; sourceTree = "<group>"; };
		1D17BC0D29DDD7CA0040A7C1 /* ViewController.h */ = {isa = PBXFileReference; lastKnownFileType = sourcecode.c.h; path = ViewController.h; sourceTree = "<group>"; };
		1D17BC0E29DDD7CA0040A7C1 /* ViewController.m */ = {isa = PBXFileReference; lastKnownFileType = sourcecode.c.objc; path = ViewController.m; sourceTree = "<group>"; };
		1D17BC1129DDD7CA0040A7C1 /* Base */ = {isa = PBXFileReference; lastKnownFileType = file.storyboard; name = Base; path = Base.lproj/Main.storyboard; sourceTree = "<group>"; };
		1D17BC1429DDD7CA0040A7C1 /* old_ios_test.xcdatamodel */ = {isa = PBXFileReference; lastKnownFileType = wrapper.xcdatamodel; path = old_ios_test.xcdatamodel; sourceTree = "<group>"; };
		1D17BC1629DDD7CB0040A7C1 /* Assets.xcassets */ = {isa = PBXFileReference; lastKnownFileType = folder.assetcatalog; path = Assets.xcassets; sourceTree = "<group>"; };
		1D17BC1929DDD7CB0040A7C1 /* Base */ = {isa = PBXFileReference; lastKnownFileType = file.storyboard; name = Base; path = Base.lproj/LaunchScreen.storyboard; sourceTree = "<group>"; };
		1D17BC1B29DDD7CB0040A7C1 /* Info.plist */ = {isa = PBXFileReference; lastKnownFileType = text.plist.xml; path = Info.plist; sourceTree = "<group>"; };
		1D17BC1C29DDD7CB0040A7C1 /* main.m */ = {isa = PBXFileReference; lastKnownFileType = sourcecode.c.objc; path = main.m; sourceTree = "<group>"; };
		1D17BC2229DDD7CB0040A7C1 /* old-ios-testTests.xctest */ = {isa = PBXFileReference; explicitFileType = wrapper.cfbundle; includeInIndex = 0; path = "old-ios-testTests.xctest"; sourceTree = BUILT_PRODUCTS_DIR; };
		1D17BC2629DDD7CB0040A7C1 /* old_ios_testTests.m */ = {isa = PBXFileReference; lastKnownFileType = sourcecode.c.objc; path = old_ios_testTests.m; sourceTree = "<group>"; };
		1D17BC2C29DDD7CB0040A7C1 /* old-ios-testUITests.xctest */ = {isa = PBXFileReference; explicitFileType = wrapper.cfbundle; includeInIndex = 0; path = "old-ios-testUITests.xctest"; sourceTree = BUILT_PRODUCTS_DIR; };
		1D17BC3029DDD7CB0040A7C1 /* old_ios_testUITests.m */ = {isa = PBXFileReference; lastKnownFileType = sourcecode.c.objc; path = old_ios_testUITests.m; sourceTree = "<group>"; };
		1D17BC3229DDD7CB0040A7C1 /* old_ios_testUITestsLaunchTests.m */ = {isa = PBXFileReference; lastKnownFileType = sourcecode.c.objc; path = old_ios_testUITestsLaunchTests.m; sourceTree = "<group>"; };
/* End PBXFileReference section */

/* Begin PBXFrameworksBuildPhase section */
		1D17BC0129DDD7CA0040A7C1 /* Frameworks */ = {
			isa = PBXFrameworksBuildPhase;
			buildActionMask = 2147483647;
			files = (
			);
			runOnlyForDeploymentPostprocessing = 0;
		};
		1D17BC1F29DDD7CB0040A7C1 /* Frameworks */ = {
			isa = PBXFrameworksBuildPhase;
			buildActionMask = 2147483647;
			files = (
			);
			runOnlyForDeploymentPostprocessing = 0;
		};
		1D17BC2929DDD7CB0040A7C1 /* Frameworks */ = {
			isa = PBXFrameworksBuildPhase;
			buildActionMask = 2147483647;
			files = (
			);
			runOnlyForDeploymentPostprocessing = 0;
		};
/* End PBXFrameworksBuildPhase section */

/* Begin PBXGroup section */
		1D17BBFB29DDD7CA0040A7C1 = {
			isa = PBXGroup;
			children = (
				1D17BC0629DDD7CA0040A7C1 /* old-ios-test */,
				1D17BC2529DDD7CB0040A7C1 /* old-ios-testTests */,
				1D17BC2F29DDD7CB0040A7C1 /* old-ios-testUITests */,
				1D17BC0529DDD7CA0040A7C1 /* Products */,
			);
			sourceTree = "<group>";
		};
		1D17BC0529DDD7CA0040A7C1 /* Products */ = {
			isa = PBXGroup;
			children = (
				1D17BC0429DDD7CA0040A7C1 /* old-ios-test.app */,
				1D17BC2229DDD7CB0040A7C1 /* old-ios-testTests.xctest */,
				1D17BC2C29DDD7CB0040A7C1 /* old-ios-testUITests.xctest */,
			);
			name = Products;
			sourceTree = "<group>";
		};
		1D17BC0629DDD7CA0040A7C1 /* old-ios-test */ = {
			isa = PBXGroup;
			children = (
				1D17BC0729DDD7CA0040A7C1 /* AppDelegate.h */,
				1D17BC0829DDD7CA0040A7C1 /* AppDelegate.m */,
				1D17BC0A29DDD7CA0040A7C1 /* SceneDelegate.h */,
				1D17BC0B29DDD7CA0040A7C1 /* SceneDelegate.m */,
				1D17BC0D29DDD7CA0040A7C1 /* ViewController.h */,
				1D17BC0E29DDD7CA0040A7C1 /* ViewController.m */,
				1D17BC1029DDD7CA0040A7C1 /* Main.storyboard */,
				1D17BC1629DDD7CB0040A7C1 /* Assets.xcassets */,
				1D17BC1829DDD7CB0040A7C1 /* LaunchScreen.storyboard */,
				1D17BC1B29DDD7CB0040A7C1 /* Info.plist */,
				1D17BC1C29DDD7CB0040A7C1 /* main.m */,
				1D17BC1329DDD7CA0040A7C1 /* old_ios_test.xcdatamodeld */,
			);
			path = "old-ios-test";
			sourceTree = "<group>";
		};
		1D17BC2529DDD7CB0040A7C1 /* old-ios-testTests */ = {
			isa = PBXGroup;
			children = (
				1D17BC2629DDD7CB0040A7C1 /* old_ios_testTests.m */,
			);
			path = "old-ios-testTests";
			sourceTree = "<group>";
		};
		1D17BC2F29DDD7CB0040A7C1 /* old-ios-testUITests */ = {
			isa = PBXGroup;
			children = (
				1D17BC3029DDD7CB0040A7C1 /* old_ios_testUITests.m */,
				1D17BC3229DDD7CB0040A7C1 /* old_ios_testUITestsLaunchTests.m */,
			);
			path = "old-ios-testUITests";
			sourceTree = "<group>";
		};
/* End PBXGroup section */

/* Begin PBXNativeTarget section */
		1D17BC0329DDD7CA0040A7C1 /* old-ios-test */ = {
			isa = PBXNativeTarget;
			buildConfigurationList = 1D17BC3629DDD7CB0040A7C1 /* Build configuration list for PBXNativeTarget "old-ios-test" */;
			buildPhases = (
				1D17BC0029DDD7CA0040A7C1 /* Sources */,
				1D17BC0129DDD7CA0040A7C1 /* Frameworks */,
				1D17BC0229DDD7CA0040A7C1 /* Resources */,
			);
			buildRules = (
			);
			dependencies = (
			);
			name = "old-ios-test";
			productName = "old-ios-test";
			productReference = 1D17BC0429DDD7CA0040A7C1 /* old-ios-test.app */;
			productType = "com.apple.product-type.application";
		};
		1D17BC2129DDD7CB0040A7C1 /* old-ios-testTests */ = {
			isa = PBXNativeTarget;
			buildConfigurationList = 1D17BC3929DDD7CB0040A7C1 /* Build configuration list for PBXNativeTarget "old-ios-testTests" */;
			buildPhases = (
				1D17BC1E29DDD7CB0040A7C1 /* Sources */,
				1D17BC1F29DDD7CB0040A7C1 /* Frameworks */,
				1D17BC2029DDD7CB0040A7C1 /* Resources */,
			);
			buildRules = (
			);
			dependencies = (
				1D17BC2429DDD7CB0040A7C1 /* PBXTargetDependency */,
			);
			name = "old-ios-testTests";
			productName = "old-ios-testTests";
			productReference = 1D17BC2229DDD7CB0040A7C1 /* old-ios-testTests.xctest */;
			productType = "com.apple.product-type.bundle.unit-test";
		};
		1D17BC2B29DDD7CB0040A7C1 /* old-ios-testUITests */ = {
			isa = PBXNativeTarget;
			buildConfigurationList = 1D17BC3C29DDD7CB0040A7C1 /* Build configuration list for PBXNativeTarget "old-ios-testUITests" */;
			buildPhases = (
				1D17BC2829DDD7CB0040A7C1 /* Sources */,
				1D17BC2929DDD7CB0040A7C1 /* Frameworks */,
				1D17BC2A29DDD7CB0040A7C1 /* Resources */,
			);
			buildRules = (
			);
			dependencies = (
				1D17BC2E29DDD7CB0040A7C1 /* PBXTargetDependency */,
			);
			name = "old-ios-testUITests";
			productName = "old-ios-testUITests";
			productReference = 1D17BC2C29DDD7CB0040A7C1 /* old-ios-testUITests.xctest */;
			productType = "com.apple.product-type.bundle.ui-testing";
		};
/* End PBXNativeTarget section */

/* Begin PBXProject section */
		1D17BBFC29DDD7CA0040A7C1 /* Project object */ = {
			isa = PBXProject;
			attributes = {
				BuildIndependentTargetsInParallel = 1;
				LastUpgradeCheck = 1420;
				TargetAttributes = {
					1D17BC0329DDD7CA0040A7C1 = {
						CreatedOnToolsVersion = 14.2;
					};
					1D17BC2129DDD7CB0040A7C1 = {
						CreatedOnToolsVersion = 14.2;
						TestTargetID = 1D17BC0329DDD7CA0040A7C1;
					};
					1D17BC2B29DDD7CB0040A7C1 = {
						CreatedOnToolsVersion = 14.2;
						TestTargetID = 1D17BC0329DDD7CA0040A7C1;
					};
				};
			};
			buildConfigurationList = 1D17BBFF29DDD7CA0040A7C1 /* Build configuration list for PBXProject "old-ios-test" */;
			compatibilityVersion = "Xcode 14.0";
			developmentRegion = en;
			hasScannedForEncodings = 0;
			knownRegions = (
				en,
				Base,
			);
			mainGroup = 1D17BBFB29DDD7CA0040A7C1;
			productRefGroup = 1D17BC0529DDD7CA0040A7C1 /* Products */;
			projectDirPath = "";
			projectRoot = "";
			targets = (
				1D17BC0329DDD7CA0040A7C1 /* old-ios-test */,
				1D17BC2129DDD7CB0040A7C1 /* old-ios-testTests */,
				1D17BC2B29DDD7CB0040A7C1 /* old-ios-testUITests */,
			);
		};
/* End PBXProject section */

/* Begin PBXResourcesBuildPhase section */
		1D17BC0229DDD7CA0040A7C1 /* Resources */ = {
			isa = PBXResourcesBuildPhase;
			buildActionMask = 2147483647;
			files = (
				1D17BC1A29DDD7CB0040A7C1 /* LaunchScreen.storyboard in Resources */,
				1D17BC1729DDD7CB0040A7C1 /* Assets.xcassets in Resources */,
				1D17BC1229DDD7CA0040A7C1 /* Main.storyboard in Resources */,
			);
			runOnlyForDeploymentPostprocessing = 0;
		};
		1D17BC2029DDD7CB0040A7C1 /* Resources */ = {
			isa = PBXResourcesBuildPhase;
			buildActionMask = 2147483647;
			files = (
			);
			runOnlyForDeploymentPostprocessing = 0;
		};
		1D17BC2A29DDD7CB0040A7C1 /* Resources */ = {
			isa = PBXResourcesBuildPhase;
			buildActionMask = 2147483647;
			files = (
			);
			runOnlyForDeploymentPostprocessing = 0;
		};
/* End PBXResourcesBuildPhase section */

/* Begin PBXSourcesBuildPhase section */
		1D17BC0029DDD7CA0040A7C1 /* Sources */ = {
			isa = PBXSourcesBuildPhase;
			buildActionMask = 2147483647;
			files = (
				1D17BC1D29DDD7CB0040A7C1 /* main.m in Sources */,
				1D17BC0F29DDD7CA0040A7C1 /* ViewController.m in Sources */,
				1D17BC1529DDD7CA0040A7C1 /* old_ios_test.xcdatamodeld in Sources */,
				1D17BC0929DDD7CA0040A7C1 /* AppDelegate.m in Sources */,
				1D17BC0C29DDD7CA0040A7C1 /* SceneDelegate.m in Sources */,
			);
			runOnlyForDeploymentPostprocessing = 0;
		};
		1D17BC1E29DDD7CB0040A7C1 /* Sources */ = {
			isa = PBXSourcesBuildPhase;
			buildActionMask = 2147483647;
			files = (
				1D17BC2729DDD7CB0040A7C1 /* old_ios_testTests.m in Sources */,
			);
			runOnlyForDeploymentPostprocessing = 0;
		};
		1D17BC2829DDD7CB0040A7C1 /* Sources */ = {
			isa = PBXSourcesBuildPhase;
			buildActionMask = 2147483647;
			files = (
				1D17BC3329DDD7CB0040A7C1 /* old_ios_testUITestsLaunchTests.m in Sources */,
				1D17BC3129DDD7CB0040A7C1 /* old_ios_testUITests.m in Sources */,
			);
			runOnlyForDeploymentPostprocessing = 0;
		};
/* End PBXSourcesBuildPhase section */

/* Begin PBXTargetDependency section */
		1D17BC2429DDD7CB0040A7C1 /* PBXTargetDependency */ = {
			isa = PBXTargetDependency;
			target = 1D17BC0329DDD7CA0040A7C1 /* old-ios-test */;
			targetProxy = 1D17BC2329DDD7CB0040A7C1 /* PBXContainerItemProxy */;
		};
		1D17BC2E29DDD7CB0040A7C1 /* PBXTargetDependency */ = {
			isa = PBXTargetDependency;
			target = 1D17BC0329DDD7CA0040A7C1 /* old-ios-test */;
			targetProxy = 1D17BC2D29DDD7CB0040A7C1 /* PBXContainerItemProxy */;
		};
/* End PBXTargetDependency section */

/* Begin PBXVariantGroup section */
		1D17BC1029DDD7CA0040A7C1 /* Main.storyboard */ = {
			isa = PBXVariantGroup;
			children = (
				1D17BC1129DDD7CA0040A7C1 /* Base */,
			);
			name = Main.storyboard;
			sourceTree = "<group>";
		};
		1D17BC1829DDD7CB0040A7C1 /* LaunchScreen.storyboard */ = {
			isa = PBXVariantGroup;
			children = (
				1D17BC1929DDD7CB0040A7C1 /* Base */,
			);
			name = LaunchScreen.storyboard;
			sourceTree = "<group>";
		};
/* End PBXVariantGroup section */

/* Begin XCBuildConfiguration section */
		1D17BC3429DDD7CB0040A7C1 /* Debug */ = {
			isa = XCBuildConfiguration;
			buildSettings = {
				ALWAYS_SEARCH_USER_PATHS = NO;
				CLANG_ANALYZER_NONNULL = YES;
				CLANG_ANALYZER_NUMBER_OBJECT_CONVERSION = YES_AGGRESSIVE;
				CLANG_CXX_LANGUAGE_STANDARD = "gnu++20";
				CLANG_ENABLE_MODULES = YES;
				CLANG_ENABLE_OBJC_ARC = YES;
				CLANG_ENABLE_OBJC_WEAK = YES;
				CLANG_WARN_BLOCK_CAPTURE_AUTORELEASING = YES;
				CLANG_WARN_BOOL_CONVERSION = YES;
				CLANG_WARN_COMMA = YES;
				CLANG_WARN_CONSTANT_CONVERSION = YES;
				CLANG_WARN_DEPRECATED_OBJC_IMPLEMENTATIONS = YES;
				CLANG_WARN_DIRECT_OBJC_ISA_USAGE = YES_ERROR;
				CLANG_WARN_DOCUMENTATION_COMMENTS = YES;
				CLANG_WARN_EMPTY_BODY = YES;
				CLANG_WARN_ENUM_CONVERSION = YES;
				CLANG_WARN_INFINITE_RECURSION = YES;
				CLANG_WARN_INT_CONVERSION = YES;
				CLANG_WARN_NON_LITERAL_NULL_CONVERSION = YES;
				CLANG_WARN_OBJC_IMPLICIT_RETAIN_SELF = YES;
				CLANG_WARN_OBJC_LITERAL_CONVERSION = YES;
				CLANG_WARN_OBJC_ROOT_CLASS = YES_ERROR;
				CLANG_WARN_QUOTED_INCLUDE_IN_FRAMEWORK_HEADER = YES;
				CLANG_WARN_RANGE_LOOP_ANALYSIS = YES;
				CLANG_WARN_STRICT_PROTOTYPES = YES;
				CLANG_WARN_SUSPICIOUS_MOVE = YES;
				CLANG_WARN_UNGUARDED_AVAILABILITY = YES_AGGRESSIVE;
				CLANG_WARN_UNREACHABLE_CODE = YES;
				CLANG_WARN__DUPLICATE_METHOD_MATCH = YES;
				COPY_PHASE_STRIP = NO;
				DEBUG_INFORMATION_FORMAT = dwarf;
				ENABLE_STRICT_OBJC_MSGSEND = YES;
				ENABLE_TESTABILITY = YES;
				GCC_C_LANGUAGE_STANDARD = gnu11;
				GCC_DYNAMIC_NO_PIC = NO;
				GCC_NO_COMMON_BLOCKS = YES;
				GCC_OPTIMIZATION_LEVEL = 0;
				GCC_PREPROCESSOR_DEFINITIONS = (
					"DEBUG=1",
					"$(inherited)",
				);
				GCC_WARN_64_TO_32_BIT_CONVERSION = YES;
				GCC_WARN_ABOUT_RETURN_TYPE = YES_ERROR;
				GCC_WARN_UNDECLARED_SELECTOR = YES;
				GCC_WARN_UNINITIALIZED_AUTOS = YES_AGGRESSIVE;
				GCC_WARN_UNUSED_FUNCTION = YES;
				GCC_WARN_UNUSED_VARIABLE = YES;
				IPHONEOS_DEPLOYMENT_TARGET = 16.2;
				MTL_ENABLE_DEBUG_INFO = INCLUDE_SOURCE;
				MTL_FAST_MATH = YES;
				ONLY_ACTIVE_ARCH = YES;
				SDKROOT = iphoneos;
			};
			name = Debug;
		};
		1D17BC3529DDD7CB0040A7C1 /* Release */ = {
			isa = XCBuildConfiguration;
			buildSettings = {
				ALWAYS_SEARCH_USER_PATHS = NO;
				CLANG_ANALYZER_NONNULL = YES;
				CLANG_ANALYZER_NUMBER_OBJECT_CONVERSION = YES_AGGRESSIVE;
				CLANG_CXX_LANGUAGE_STANDARD = "gnu++20";
				CLANG_ENABLE_MODULES = YES;
				CLANG_ENABLE_OBJC_ARC = YES;
				CLANG_ENABLE_OBJC_WEAK = YES;
				CLANG_WARN_BLOCK_CAPTURE_AUTORELEASING = YES;
				CLANG_WARN_BOOL_CONVERSION = YES;
				CLANG_WARN_COMMA = YES;
				CLANG_WARN_CONSTANT_CONVERSION = YES;
				CLANG_WARN_DEPRECATED_OBJC_IMPLEMENTATIONS = YES;
				CLANG_WARN_DIRECT_OBJC_ISA_USAGE = YES_ERROR;
				CLANG_WARN_DOCUMENTATION_COMMENTS = YES;
				CLANG_WARN_EMPTY_BODY = YES;
				CLANG_WARN_ENUM_CONVERSION = YES;
				CLANG_WARN_INFINITE_RECURSION = YES;
				CLANG_WARN_INT_CONVERSION = YES;
				CLANG_WARN_NON_LITERAL_NULL_CONVERSION = YES;
				CLANG_WARN_OBJC_IMPLICIT_RETAIN_SELF = YES;
				CLANG_WARN_OBJC_LITERAL_CONVERSION = YES;
				CLANG_WARN_OBJC_ROOT_CLASS = YES_ERROR;
				CLANG_WARN_QUOTED_INCLUDE_IN_FRAMEWORK_HEADER = YES;
				CLANG_WARN_RANGE_LOOP_ANALYSIS = YES;
				CLANG_WARN_STRICT_PROTOTYPES = YES;
				CLANG_WARN_SUSPICIOUS_MOVE = YES;
				CLANG_WARN_UNGUARDED_AVAILABILITY = YES_AGGRESSIVE;
				CLANG_WARN_UNREACHABLE_CODE = YES;
				CLANG_WARN__DUPLICATE_METHOD_MATCH = YES;
				COPY_PHASE_STRIP = NO;
				DEBUG_INFORMATION_FORMAT = "dwarf-with-dsym";
				ENABLE_NS_ASSERTIONS = NO;
				ENABLE_STRICT_OBJC_MSGSEND = YES;
				GCC_C_LANGUAGE_STANDARD = gnu11;
				GCC_NO_COMMON_BLOCKS = YES;
				GCC_WARN_64_TO_32_BIT_CONVERSION = YES;
				GCC_WARN_ABOUT_RETURN_TYPE = YES_ERROR;
				GCC_WARN_UNDECLARED_SELECTOR = YES;
				GCC_WARN_UNINITIALIZED_AUTOS = YES_AGGRESSIVE;
				GCC_WARN_UNUSED_FUNCTION = YES;
				GCC_WARN_UNUSED_VARIABLE = YES;
				IPHONEOS_DEPLOYMENT_TARGET = 16.2;
				MTL_ENABLE_DEBUG_INFO = NO;
				MTL_FAST_MATH = YES;
				SDKROOT = iphoneos;
				VALIDATE_PRODUCT = YES;
			};
			name = Release;
		};
		1D17BC3729DDD7CB0040A7C1 /* Debug */ = {
			isa = XCBuildConfiguration;
			buildSettings = {
				ASSETCATALOG_COMPILER_APPICON_NAME = AppIcon;
				ASSETCATALOG_COMPILER_GLOBAL_ACCENT_COLOR_NAME = AccentColor;
				CODE_SIGN_STYLE = Automatic;
				CURRENT_PROJECT_VERSION = 1;
				DEVELOPMENT_TEAM = DT2C2FZ7U2;
				GENERATE_INFOPLIST_FILE = YES;
				INFOPLIST_FILE = "old-ios-test/Info.plist";
				INFOPLIST_KEY_UIApplicationSupportsIndirectInputEvents = YES;
				INFOPLIST_KEY_UILaunchStoryboardName = LaunchScreen;
				INFOPLIST_KEY_UIMainStoryboardFile = Main;
				INFOPLIST_KEY_UISupportedInterfaceOrientations_iPad = "UIInterfaceOrientationPortrait UIInterfaceOrientationPortraitUpsideDown UIInterfaceOrientationLandscapeLeft UIInterfaceOrientationLandscapeRight";
				INFOPLIST_KEY_UISupportedInterfaceOrientations_iPhone = "UIInterfaceOrientationPortrait UIInterfaceOrientationLandscapeLeft UIInterfaceOrientationLandscapeRight";
				IPHONEOS_DEPLOYMENT_TARGET = 13.6;
				LD_RUNPATH_SEARCH_PATHS = (
					"$(inherited)",
					"@executable_path/Frameworks",
				);
				MARKETING_VERSION = 1.0;
				PRODUCT_BUNDLE_IDENTIFIER = "io.bitrise.old-ios-test";
				PRODUCT_NAME = "$(TARGET_NAME)";
				SWIFT_EMIT_LOC_STRINGS = YES;
				TARGETED_DEVICE_FAMILY = "1,2";
			};
			name = Debug;
		};
		1D17BC3829DDD7CB0040A7C1 /* Release */ = {
			isa = XCBuildConfiguration;
			buildSettings = {
				ASSETCATALOG_COMPILER_APPICON_NAME = AppIcon;
				ASSETCATALOG_COMPILER_GLOBAL_ACCENT_COLOR_NAME = AccentColor;
				CODE_SIGN_STYLE = Automatic;
				CURRENT_PROJECT_VERSION = 1;
				DEVELOPMENT_TEAM = DT2C2FZ7U2;
				GENERATE_INFOPLIST_FILE = YES;
				INFOPLIST_FILE = "old-ios-test/Info.plist";
				INFOPLIST_KEY_UIApplicationSupportsIndirectInputEvents = YES;
				INFOPLIST_KEY_UILaunchStoryboardName = LaunchScreen;
				INFOPLIST_KEY_UIMainStoryboardFile = Main;
				INFOPLIST_KEY_UISupportedInterfaceOrientations_iPad = "UIInterfaceOrientationPortrait UIInterfaceOrientationPortraitUpsideDown UIInterfaceOrientationLandscapeLeft UIInterfaceOrientationLandscapeRight";
				INFOPLIST_KEY_UISupportedInterfaceOrientations_iPhone = "UIInterfaceOrientationPortrait UIInterfaceOrientationLandscapeLeft UIInterfaceOrientationLandscapeRight";
				IPHONEOS_DEPLOYMENT_TARGET = 13.6;
				LD_RUNPATH_SEARCH_PATHS = (
					"$(inherited)",
					"@executable_path/Frameworks",
				);
				MARKETING_VERSION = 1.0;
				PRODUCT_BUNDLE_IDENTIFIER = "io.bitrise.old-ios-test";
				PRODUCT_NAME = "$(TARGET_NAME)";
				SWIFT_EMIT_LOC_STRINGS = YES;
				TARGETED_DEVICE_FAMILY = "1,2";
			};
			name = Release;
		};
		1D17BC3A29DDD7CB0040A7C1 /* Debug */ = {
			isa = XCBuildConfiguration;
			buildSettings = {
				BUNDLE_LOADER = "$(TEST_HOST)";
				CODE_SIGN_STYLE = Automatic;
				CURRENT_PROJECT_VERSION = 1;
				DEVELOPMENT_TEAM = DT2C2FZ7U2;
				GENERATE_INFOPLIST_FILE = YES;
				IPHONEOS_DEPLOYMENT_TARGET = 13.6;
				MARKETING_VERSION = 1.0;
				PRODUCT_BUNDLE_IDENTIFIER = "io.bitrise.old-ios-testTests";
				PRODUCT_NAME = "$(TARGET_NAME)";
				SWIFT_EMIT_LOC_STRINGS = NO;
				TARGETED_DEVICE_FAMILY = "1,2";
				TEST_HOST = "$(BUILT_PRODUCTS_DIR)/old-ios-test.app/$(BUNDLE_EXECUTABLE_FOLDER_PATH)/old-ios-test";
			};
			name = Debug;
		};
		1D17BC3B29DDD7CB0040A7C1 /* Release */ = {
			isa = XCBuildConfiguration;
			buildSettings = {
				BUNDLE_LOADER = "$(TEST_HOST)";
				CODE_SIGN_STYLE = Automatic;
				CURRENT_PROJECT_VERSION = 1;
				DEVELOPMENT_TEAM = DT2C2FZ7U2;
				GENERATE_INFOPLIST_FILE = YES;
				IPHONEOS_DEPLOYMENT_TARGET = 13.6;
				MARKETING_VERSION = 1.0;
				PRODUCT_BUNDLE_IDENTIFIER = "io.bitrise.old-ios-testTests";
				PRODUCT_NAME = "$(TARGET_NAME)";
				SWIFT_EMIT_LOC_STRINGS = NO;
				TARGETED_DEVICE_FAMILY = "1,2";
				TEST_HOST = "$(BUILT_PRODUCTS_DIR)/old-ios-test.app/$(BUNDLE_EXECUTABLE_FOLDER_PATH)/old-ios-test";
			};
			name = Release;
		};
		1D17BC3D29DDD7CB0040A7C1 /* Debug */ = {
			isa = XCBuildConfiguration;
			buildSettings = {
				"CODE_SIGN_IDENTITY[sdk=iphoneos*]" = "iPhone Developer";
				CODE_SIGN_STYLE = Manual;
				CURRENT_PROJECT_VERSION = 1;
				DEVELOPMENT_TEAM = 72SA8V3WYL;
				"DEVELOPMENT_TEAM[sdk=iphoneos*]" = 72SA8V3WYL;
				GENERATE_INFOPLIST_FILE = YES;
				IPHONEOS_DEPLOYMENT_TARGET = 13.6;
				MARKETING_VERSION = 1.0;
				PRODUCT_BUNDLE_IDENTIFIER = "io.bitrise.old-ios-testUITests";
				PRODUCT_NAME = "$(TARGET_NAME)";
				"PROVISIONING_PROFILE_SPECIFIER[sdk=iphoneos*]" = "BitriseBot-Wildcard";
				SWIFT_EMIT_LOC_STRINGS = NO;
				TARGETED_DEVICE_FAMILY = "1,2";
				TEST_TARGET_NAME = "old-ios-test";
			};
			name = Debug;
		};
		1D17BC3E29DDD7CB0040A7C1 /* Release */ = {
			isa = XCBuildConfiguration;
			buildSettings = {
				"CODE_SIGN_IDENTITY[sdk=iphoneos*]" = "iPhone Developer";
				CODE_SIGN_STYLE = Manual;
				CURRENT_PROJECT_VERSION = 1;
				DEVELOPMENT_TEAM = 72SA8V3WYL;
				"DEVELOPMENT_TEAM[sdk=iphoneos*]" = 72SA8V3WYL;
				GENERATE_INFOPLIST_FILE = YES;
				IPHONEOS_DEPLOYMENT_TARGET = 13.6;
				MARKETING_VERSION = 1.0;
				PRODUCT_BUNDLE_IDENTIFIER = "io.bitrise.old-ios-testUITests";
				PRODUCT_NAME = "$(TARGET_NAME)";
				"PROVISIONING_PROFILE_SPECIFIER[sdk=iphoneos*]" = "BitriseBot-Wildcard";
				SWIFT_EMIT_LOC_STRINGS = NO;
				TARGETED_DEVICE_FAMILY = "1,2";
				TEST_TARGET_NAME = "old-ios-test";
			};
			name = Release;
		};
/* End XCBuildConfiguration section */

/* Begin XCConfigurationList section */
		1D17BBFF29DDD7CA0040A7C1 /* Build configuration list for PBXProject "old-ios-test" */ = {
			isa = XCConfigurationList;
			buildConfigurations = (
				1D17BC3429DDD7CB0040A7C1 /* Debug */,
				1D17BC3529DDD7CB0040A7C1 /* Release */,
			);
			defaultConfigurationIsVisible = 0;
			defaultConfigurationName = Release;
		};
		1D17BC3629DDD7CB0040A7C1 /* Build configuration list for PBXNativeTarget "old-ios-test" */ = {
			isa = XCConfigurationList;
			buildConfigurations = (
				1D17BC3729DDD7CB0040A7C1 /* Debug */,
				1D17BC3829DDD7CB0040A7C1 /* Release */,
			);
			defaultConfigurationIsVisible = 0;
			defaultConfigurationName = Release;
		};
		1D17BC3929DDD7CB0040A7C1 /* Build configuration list for PBXNativeTarget "old-ios-testTests" */ = {
			isa = XCConfigurationList;
			buildConfigurations = (
				1D17BC3A29DDD7CB0040A7C1 /* Debug */,
				1D17BC3B29DDD7CB0040A7C1 /* Release */,
			);
			defaultConfigurationIsVisible = 0;
			defaultConfigurationName = Release;
		};
		1D17BC3C29DDD7CB0040A7C1 /* Build configuration list for PBXNativeTarget "old-ios-testUITests" */ = {
			isa = XCConfigurationList;
			buildConfigurations = (
				1D17BC3D29DDD7CB0040A7C1 /* Debug */,
				1D17BC3E29DDD7CB0040A7C1 /* Release */,
			);
			defaultConfigurationIsVisible = 0;
			defaultConfigurationName = Release;
		};
/* End XCConfigurationList section */

/* Begin XCVersionGroup section */
		1D17BC1329DDD7CA0040A7C1 /* old_ios_test.xcdatamodeld */ = {
			isa = XCVersionGroup;
			children = (
				1D17BC1429DDD7CA0040A7C1 /* old_ios_test.xcdatamodel */,
			);
			currentVersion = 1D17BC1429DDD7CA0040A7C1 /* old_ios_test.xcdatamodel */;
			path = old_ios_test.xcdatamodeld;
			sourceTree = "<group>";
			versionGroupType = wrapper.xcdatamodel;
		};
/* End XCVersionGroup section */
	};
	rootObject = 1D17BBFC29DDD7CA0040A7C1 /* Project object */;
}
